
Microsoft Visual Studio Solution File, Format Version 12.00
# Visual Studio 2017
Project("{FAE04EC0-301F-11D3-BF4B-00C04F79EFBC}") = "2DGameCreate", "2DGameCreate.csproj", "{2342179B-1615-AF08-DACB-2E90C9A02421}"
EndProject
Project("{FAE04EC0-301F-11D3-BF4B-00C04F79EFBC}") = "2DGameCreate.Editor", "2DGameCreate.Editor.csproj", "{7F09BD90-8767-1FBA-A052-F7CE9A740845}"
EndProject
Global
	GlobalSection(SolutionConfigurationPlatforms) = preSolution
		Debug|Any CPU = Debug|Any CPU
		Release|Any CPU = Release|Any CPU
	EndGlobalSection
	GlobalSection(ProjectConfigurationPlatforms) = postSolution
		{2342179B-1615-AF08-DACB-2E90C9A02421}.Debug|Any CPU.ActiveCfg = Debug|Any CPU
		{2342179B-1615-AF08-DACB-2E90C9A02421}.Debug|Any CPU.Build.0 = Debug|Any CPU
		{2342179B-1615-AF08-DACB-2E90C9A02421}.Release|Any CPU.ActiveCfg = Release|Any CPU
		{2342179B-1615-AF08-DACB-2E90C9A02421}.Release|Any CPU.Build.0 = Release|Any CPU
		{7F09BD90-8767-1FBA-A052-F7CE9A740845}.Debug|Any CPU.ActiveCfg = Debug|Any CPU
		{7F09BD90-8767-1FBA-A052-F7CE9A740845}.Debug|Any CPU.Build.0 = Debug|Any CPU
		{7F09BD90-8767-1FBA-A052-F7CE9A740845}.Release|Any CPU.ActiveCfg = Release|Any CPU
		{7F09BD90-8767-1FBA-A052-F7CE9A740845}.Release|Any CPU.Build.0 = Release|Any CPU
	EndGlobalSection
	GlobalSection(SolutionProperties) = preSolution
		HideSolutionNode = FALSE
	EndGlobalSection
EndGlobal
